<?xml version="1.0" encoding="utf-8"?>
<Project ToolsVersion="4.0" xmlns="http://schemas.microsoft.com/developer/msbuild/2003">
  <ItemGroup>
    <ClCompile Include="animation.cpp">
      <Filter>2DGameFrameWork\animation</Filter>
    </ClCompile>
    <ClCompile Include="effect.cpp">
      <Filter>2DGameFrameWork\effect</Filter>
    </ClCompile>
    <ClCompile Include="iEvent.cpp">
      <Filter>2DGameFrameWork\event</Filter>
    </ClCompile>
    <ClCompile Include="gameObject.cpp">
      <Filter>2DGameFrameWork\gameObject</Filter>
    </ClCompile>
    <ClCompile Include="image.cpp">
      <Filter>2DGameFrameWork\image</Filter>
    </ClCompile>
    <ClCompile Include="effectManager.cpp">
      <Filter>2DGameFrameWork\manager</Filter>
    </ClCompile>
    <ClCompile Include="eventManager.cpp">
      <Filter>2DGameFrameWork\manager</Filter>
    </ClCompile>
    <ClCompile Include="camera.cpp">
      <Filter>2DGameFrameWork\camera</Filter>
    </ClCompile>
    <ClCompile Include="collision.cpp">
      <Filter>2DGameFrameWork\utils</Filter>
    </ClCompile>
    <ClCompile Include="floatCircle.cpp">
      <Filter>2DGameFrameWork\utils</Filter>
    </ClCompile>
    <ClCompile Include="floatPoint.cpp">
      <Filter>2DGameFrameWork\utils</Filter>
    </ClCompile>
    <ClCompile Include="floatRect.cpp">
      <Filter>2DGameFrameWork\utils</Filter>
    </ClCompile>
    <ClCompile Include="gameNode.cpp">
      <Filter>2DGameFrameWork</Filter>
    </ClCompile>
    <ClCompile Include="imageManager.cpp">
      <Filter>2DGameFrameWork\manager</Filter>
    </ClCompile>
    <ClCompile Include="keyManager.cpp">
      <Filter>2DGameFrameWork\manager</Filter>
    </ClCompile>
    <ClCompile Include="objectManager.cpp">
      <Filter>2DGameFrameWork\manager</Filter>
    </ClCompile>
    <ClCompile Include="stdafx.cpp">
      <Filter>소스 파일</Filter>
    </ClCompile>
    <ClCompile Include="windowsAPI.cpp">
      <Filter>소스 파일</Filter>
    </ClCompile>
    <ClCompile Include="timeManager.cpp">
      <Filter>2DGameFrameWork\manager</Filter>
    </ClCompile>
    <ClCompile Include="soundManager.cpp">
      <Filter>2DGameFrameWork\manager</Filter>
    </ClCompile>
    <ClCompile Include="timer.cpp">
      <Filter>2DGameFrameWork\timer</Filter>
    </ClCompile>
    <ClCompile Include="utils.cpp">
      <Filter>2DGameFrameWork\utils</Filter>
    </ClCompile>
    <ClCompile Include="player.cpp">
      <Filter>playerTest</Filter>
    </ClCompile>
    <ClCompile Include="playerState.cpp">
      <Filter>playerTest</Filter>
    </ClCompile>
    <ClCompile Include="playerStateController.cpp">
      <Filter>playerTest</Filter>
    </ClCompile>
    <ClCompile Include="playGround.cpp">
      <Filter>playGround</Filter>
    </ClCompile>
    <ClCompile Include="inventory.cpp">
      <Filter>playGround\inventory</Filter>
    </ClCompile>
    <ClCompile Include="enemyManager.cpp">
      <Filter>playGround\enemyManager</Filter>
    </ClCompile>
    <ClCompile Include="uiController.cpp">
      <Filter>playGround\uiController</Filter>
    </ClCompile>
    <ClCompile Include="collisionManager.cpp">
      <Filter>playGround\collision</Filter>
    </ClCompile>
    <ClCompile Include="aStar.cpp">
      <Filter>playGround\enemyManager</Filter>
    </ClCompile>
    <ClCompile Include="scene.cpp">
      <Filter>playGround\scene</Filter>
    </ClCompile>
    <ClCompile Include="titleScene.cpp">
      <Filter>playGround\scene</Filter>
    </ClCompile>
    <ClCompile Include="tile.cpp">
      <Filter>2DGameFrameWork\tile</Filter>
    </ClCompile>
    <ClCompile Include="item.cpp">
      <Filter>playGround\item</Filter>
    </ClCompile>
    <ClCompile Include="sceneManager.cpp">
      <Filter>2DGameFrameWork\manager</Filter>
    </ClCompile>
    <ClCompile Include="button.cpp">
      <Filter>2DGameFrameWork\button</Filter>
    </ClCompile>
    <ClCompile Include="testScene.cpp">
      <Filter>playGround\scene</Filter>
    </ClCompile>
    <ClCompile Include="enemy.cpp">
      <Filter>enemyTest</Filter>
    </ClCompile>
    <ClCompile Include="hedgehag.cpp">
      <Filter>enemyTest</Filter>
    </ClCompile>
    <ClCompile Include="boss.cpp">
      <Filter>enemyTest</Filter>
    </ClCompile>
    <ClCompile Include="bossTestScene.cpp">
      <Filter>playGround\scene</Filter>
    </ClCompile>
    <ClCompile Include="testScene2.cpp">
      <Filter>playGround\scene</Filter>
    </ClCompile>
    <ClCompile Include="mapToolScene.cpp">
      <Filter>playGround\scene</Filter>
    </ClCompile>
    <ClCompile Include="door.cpp">
      <Filter>playGround\object</Filter>
    </ClCompile>
    <ClCompile Include="vendor.cpp">
      <Filter>playGround\object</Filter>
    </ClCompile>
    <ClCompile Include="nomalUI.cpp">
      <Filter>playGround\uiController</Filter>
    </ClCompile>
    <ClCompile Include="meerkat.cpp">
      <Filter>enemyTest</Filter>
    </ClCompile>
    <ClCompile Include="tabUI.cpp">
      <Filter>playGround\uiController</Filter>
    </ClCompile>
    <ClCompile Include="D2DRenderer.cpp">
      <Filter>2DGameFrameWork\D2DRenderer</Filter>
    </ClCompile>
    <ClCompile Include="D2DRenderer+Draw.cpp">
      <Filter>2DGameFrameWork\D2DRenderer</Filter>
    </ClCompile>
    <ClCompile Include="Vector2.cpp">
      <Filter>2DGameFrameWork\utils</Filter>
    </ClCompile>
    <ClCompile Include="mapObject.cpp">
      <Filter>playGround\object</Filter>
    </ClCompile>
    <ClCompile Include="icethrower.cpp">
      <Filter>enemyTest\bossPattern</Filter>
    </ClCompile>
    <ClCompile Include="puzzleScene.cpp">
      <Filter>playGround\scene</Filter>
    </ClCompile>
    <ClCompile Include="bullets.cpp">
      <Filter>enemyTest</Filter>
    </ClCompile>
    <ClCompile Include="mountainScene.cpp">
      <Filter>playGround\scene</Filter>
    </ClCompile>
    <ClCompile Include="mine.cpp">
      <Filter>enemyTest\bossPattern</Filter>
    </ClCompile>
    <ClCompile Include="stoneshower.cpp">
      <Filter>enemyTest\bossPattern</Filter>
    </ClCompile>
    <ClCompile Include="buffalo.cpp">
      <Filter>enemyTest</Filter>
    </ClCompile>
    <ClCompile Include="puzzleTabButton.cpp">
      <Filter>playGround\puzzle</Filter>
    </ClCompile>
    <ClCompile Include="puzzleComboButton.cpp">
      <Filter>playGround\puzzle</Filter>
    </ClCompile>
    <ClCompile Include="bullet.cpp">
      <Filter>playerTest</Filter>
    </ClCompile>
    <ClCompile Include="puzzleDestruct.cpp">
      <Filter>playGround\object</Filter>
    </ClCompile>
    <ClCompile Include="puzzleBlueWall.cpp">
      <Filter>playGround\puzzle</Filter>
    </ClCompile>
    <ClCompile Include="puzzleOrangeWall.cpp">
      <Filter>playGround\puzzle</Filter>
    </ClCompile>
    <ClCompile Include="townScene.cpp">
      <Filter>playGround\scene</Filter>
    </ClCompile>
    <ClCompile Include="flamethrower.cpp">
      <Filter>enemyTest\bossPattern</Filter>
    </ClCompile>
    <ClCompile Include="initLoadingScene.cpp">
      <Filter>playGround\scene</Filter>
    </ClCompile>
    <ClCompile Include="shop.cpp">
      <Filter>playGround\uiController</Filter>
    </ClCompile>
    <ClCompile Include="flamethrower.cpp">
      <Filter>enemyTest\bossPattern</Filter>
    </ClCompile>
    <ClCompile Include="dialog.cpp">
      <Filter>playGround\uiController</Filter>
    </ClCompile>
    <ClCompile Include="dialogText.cpp">
      <Filter>playGround\uiController</Filter>
    </ClCompile>
    <ClCompile Include="iceguide.cpp">
      <Filter>enemyTest\bossPattern</Filter>
    </ClCompile>
    <ClCompile Include="mine.cpp" />
    <ClCompile Include="portrait.cpp">
      <Filter>playGround\uiController</Filter>
    </ClCompile>
    <ClCompile Include="foothold.cpp">
      <Filter>playGround\object</Filter>
    </ClCompile>
    <ClCompile Include="puzzleCollision.cpp">
      <Filter>playGround\collision</Filter>
    </ClCompile>
    <ClCompile Include="townBlock.cpp">
      <Filter>playGround\object</Filter>
    </ClCompile>
    <ClCompile Include="bossBlock.cpp">
      <Filter>playGround\object</Filter>
    </ClCompile>
    <ClCompile Include="bossCollision.cpp">
      <Filter>playGround\collision</Filter>
    </ClCompile>
    <ClCompile Include="loadUI.cpp">
      <Filter>playGround\uiController</Filter>
    </ClCompile>
    <ClCompile Include="bossHPBar.cpp">
      <Filter>enemyTest</Filter>
    </ClCompile>
  </ItemGroup>
  <ItemGroup>
    <ClInclude Include="animation.h">
      <Filter>2DGameFrameWork\animation</Filter>
    </ClInclude>
    <ClInclude Include="effect.h">
      <Filter>2DGameFrameWork\effect</Filter>
    </ClInclude>
    <ClInclude Include="iEvent.h">
      <Filter>2DGameFrameWork\event</Filter>
    </ClInclude>
    <ClInclude Include="gameObject.h">
      <Filter>2DGameFrameWork\gameObject</Filter>
    </ClInclude>
    <ClInclude Include="image.h">
      <Filter>2DGameFrameWork\image</Filter>
    </ClInclude>
    <ClInclude Include="effectManager.h">
      <Filter>2DGameFrameWork\manager</Filter>
    </ClInclude>
    <ClInclude Include="eventManager.h">
      <Filter>2DGameFrameWork\manager</Filter>
    </ClInclude>
    <ClInclude Include="camera.h">
      <Filter>2DGameFrameWork\camera</Filter>
    </ClInclude>
    <ClInclude Include="collision.h">
      <Filter>2DGameFrameWork\utils</Filter>
    </ClInclude>
    <ClInclude Include="commonMacroFunction.h">
      <Filter>헤더 파일</Filter>
    </ClInclude>
    <ClInclude Include="floatCircle.h">
      <Filter>2DGameFrameWork\utils</Filter>
    </ClInclude>
    <ClInclude Include="floatPoint.h">
      <Filter>2DGameFrameWork\utils</Filter>
    </ClInclude>
    <ClInclude Include="floatRect.h">
      <Filter>2DGameFrameWork\utils</Filter>
    </ClInclude>
    <ClInclude Include="gameNode.h">
      <Filter>2DGameFrameWork</Filter>
    </ClInclude>
    <ClInclude Include="imageManager.h">
      <Filter>2DGameFrameWork\manager</Filter>
    </ClInclude>
    <ClInclude Include="keyManager.h">
      <Filter>2DGameFrameWork\manager</Filter>
    </ClInclude>
    <ClInclude Include="objectManager.h">
      <Filter>2DGameFrameWork\manager</Filter>
    </ClInclude>
    <ClInclude Include="randomFunction.h">
      <Filter>헤더 파일</Filter>
    </ClInclude>
    <ClInclude Include="Resource.h">
      <Filter>헤더 파일</Filter>
    </ClInclude>
    <ClInclude Include="stdafx.h">
      <Filter>헤더 파일</Filter>
    </ClInclude>
    <ClInclude Include="windowsAPI.h">
      <Filter>헤더 파일</Filter>
    </ClInclude>
    <ClInclude Include="targetver.h">
      <Filter>헤더 파일</Filter>
    </ClInclude>
    <ClInclude Include="timeManager.h">
      <Filter>2DGameFrameWork\manager</Filter>
    </ClInclude>
    <ClInclude Include="soundManager.h">
      <Filter>2DGameFrameWork\manager</Filter>
    </ClInclude>
    <ClInclude Include="timer.h">
      <Filter>2DGameFrameWork\timer</Filter>
    </ClInclude>
    <ClInclude Include="utils.h">
      <Filter>2DGameFrameWork\utils</Filter>
    </ClInclude>
    <ClInclude Include="player.h">
      <Filter>playerTest</Filter>
    </ClInclude>
    <ClInclude Include="playerState.h">
      <Filter>playerTest</Filter>
    </ClInclude>
    <ClInclude Include="playerStateController.h">
      <Filter>playerTest</Filter>
    </ClInclude>
    <ClInclude Include="playGround.h">
      <Filter>playGround</Filter>
    </ClInclude>
    <ClInclude Include="inventory.h">
      <Filter>playGround\inventory</Filter>
    </ClInclude>
    <ClInclude Include="enemyManager.h">
      <Filter>playGround\enemyManager</Filter>
    </ClInclude>
    <ClInclude Include="uiController.h">
      <Filter>playGround\uiController</Filter>
    </ClInclude>
    <ClInclude Include="collisionManager.h">
      <Filter>playGround\collision</Filter>
    </ClInclude>
    <ClInclude Include="aStar.h">
      <Filter>playGround\enemyManager</Filter>
    </ClInclude>
    <ClInclude Include="scene.h">
      <Filter>playGround\scene</Filter>
    </ClInclude>
    <ClInclude Include="titleScene.h">
      <Filter>playGround\scene</Filter>
    </ClInclude>
    <ClInclude Include="tile.h">
      <Filter>2DGameFrameWork\tile</Filter>
    </ClInclude>
    <ClInclude Include="item.h">
      <Filter>playGround\item</Filter>
    </ClInclude>
    <ClInclude Include="sceneManager.h">
      <Filter>2DGameFrameWork\manager</Filter>
    </ClInclude>
    <ClInclude Include="button.h">
      <Filter>2DGameFrameWork\button</Filter>
    </ClInclude>
    <ClInclude Include="testScene.h">
      <Filter>playGround\scene</Filter>
    </ClInclude>
    <ClInclude Include="enemy.h">
      <Filter>enemyTest</Filter>
    </ClInclude>
    <ClInclude Include="hedgehag.h">
      <Filter>enemyTest</Filter>
    </ClInclude>
    <ClInclude Include="boss.h">
      <Filter>enemyTest</Filter>
    </ClInclude>
    <ClInclude Include="bossTestScene.h">
      <Filter>playGround\scene</Filter>
    </ClInclude>
    <ClInclude Include="testScene2.h">
      <Filter>playGround\scene</Filter>
    </ClInclude>
    <ClInclude Include="mapToolScene.h">
      <Filter>playGround\scene</Filter>
    </ClInclude>
    <ClInclude Include="door.h">
      <Filter>playGround\object</Filter>
    </ClInclude>
    <ClInclude Include="vendor.h">
      <Filter>playGround\object</Filter>
    </ClInclude>
    <ClInclude Include="nomalUI.h">
      <Filter>playGround\uiController</Filter>
    </ClInclude>
    <ClInclude Include="meerkat.h">
      <Filter>enemyTest</Filter>
    </ClInclude>
    <ClInclude Include="tabUI.h">
      <Filter>playGround\uiController</Filter>
    </ClInclude>
    <ClInclude Include="D2DRenderer.h">
      <Filter>2DGameFrameWork\D2DRenderer</Filter>
    </ClInclude>
    <ClInclude Include="Vector2.h">
      <Filter>2DGameFrameWork\utils</Filter>
    </ClInclude>
    <ClInclude Include="mapObject.h">
      <Filter>playGround\object</Filter>
    </ClInclude>
    <ClInclude Include="puzzleScene.h">
      <Filter>playGround\scene</Filter>
    </ClInclude>
    <ClInclude Include="icethrower.h">
      <Filter>enemyTest\bossPattern</Filter>
    </ClInclude>
    <ClInclude Include="bullets.h">
      <Filter>enemyTest</Filter>
    </ClInclude>
    <ClInclude Include="mountainScene.h">
      <Filter>playGround\scene</Filter>
    </ClInclude>
    <ClInclude Include="mine.h">
      <Filter>enemyTest\bossPattern</Filter>
    </ClInclude>
    <ClInclude Include="stoneshower.h">
      <Filter>enemyTest\bossPattern</Filter>
    </ClInclude>
    <ClInclude Include="buffalo.h">
      <Filter>enemyTest</Filter>
    </ClInclude>
    <ClInclude Include="puzzleTabButton.h">
      <Filter>playGround\puzzle</Filter>
    </ClInclude>
    <ClInclude Include="puzzleComboButton.h">
      <Filter>playGround\puzzle</Filter>
    </ClInclude>
    <ClInclude Include="bullet.h">
      <Filter>playerTest</Filter>
    </ClInclude>
    <ClInclude Include="puzzleDestruct.h">
      <Filter>playGround\object</Filter>
    </ClInclude>
    <ClInclude Include="puzzleBlueWall.h">
      <Filter>playGround\puzzle</Filter>
    </ClInclude>
    <ClInclude Include="puzzleOrangeWall.h">
      <Filter>playGround\puzzle</Filter>
    </ClInclude>
    <ClInclude Include="townScene.h">
      <Filter>playGround\scene</Filter>
    </ClInclude>
    <ClInclude Include="initLoadingScene.h">
      <Filter>playGround\scene</Filter>
    </ClInclude>
    <ClInclude Include="puzzleBlueWall.h" />
    <ClInclude Include="puzzleOrangeWall.h" />
    <ClInclude Include="flamethrower.h">
      <Filter>enemyTest\bossPattern</Filter>
    </ClInclude>
    <ClInclude Include="shop.h">
      <Filter>playGround\uiController</Filter>
    </ClInclude>
    <ClInclude Include="dialog.h">
      <Filter>playGround\uiController</Filter>
    </ClInclude>
    <ClInclude Include="dialogText.h">
      <Filter>playGround\uiController</Filter>
    </ClInclude>
    <ClInclude Include="iceguide.h">
      <Filter>enemyTest\bossPattern</Filter>
    </ClInclude>
    <ClInclude Include="mine.h" />
    <ClInclude Include="portrait.h">
      <Filter>playGround\uiController</Filter>
    </ClInclude>
    <ClInclude Include="foothold.h">
      <Filter>playGround\object</Filter>
    </ClInclude>
    <ClInclude Include="townBlock.h">
      <Filter>playGround\object</Filter>
    </ClInclude>
    <ClInclude Include="bossBlock.h">
      <Filter>playGround\object</Filter>
    </ClInclude>
    <ClInclude Include="puzzleCollision.h">
      <Filter>playGround\collision</Filter>
    </ClInclude>
    <ClInclude Include="flamethrower.h">
      <Filter>enemyTest\bossPattern</Filter>
    </ClInclude>
    <ClInclude Include="bossCollision.h">
      <Filter>playGround\collision</Filter>
    </ClInclude>
    <ClInclude Include="loadUI.h">
      <Filter>playGround\uiController</Filter>
    </ClInclude>
    <ClInclude Include="bossHPBar.h">
      <Filter>enemyTest</Filter>
    </ClInclude>
  </ItemGroup>
  <ItemGroup>
    <Image Include="small.ico">
      <Filter>리소스 파일</Filter>
    </Image>
    <Image Include="windowsAPI.ico">
      <Filter>리소스 파일</Filter>
    </Image>
  </ItemGroup>
  <ItemGroup>
    <Filter Include="2DGameFrameWork">
      <UniqueIdentifier>{930e88a5-d4d5-4326-acff-9c68bc68bb4a}</UniqueIdentifier>
    </Filter>
    <Filter Include="2DGameFrameWork\animation">
      <UniqueIdentifier>{457e2a6e-0c8f-4f8a-9194-98d0747ca0be}</UniqueIdentifier>
    </Filter>
    <Filter Include="2DGameFrameWork\effect">
      <UniqueIdentifier>{0d14f20d-1907-456b-8ce4-7685ee5d4de1}</UniqueIdentifier>
    </Filter>
    <Filter Include="2DGameFrameWork\event">
      <UniqueIdentifier>{fa6add39-0b6f-4386-9a71-1bd90edcbfd7}</UniqueIdentifier>
    </Filter>
    <Filter Include="2DGameFrameWork\gameObject">
      <UniqueIdentifier>{0ae581a6-d01d-48e9-a1b2-c5a14ab5380a}</UniqueIdentifier>
    </Filter>
    <Filter Include="2DGameFrameWork\image">
      <UniqueIdentifier>{28d80357-beda-41d0-9df2-3df0198e5556}</UniqueIdentifier>
    </Filter>
    <Filter Include="2DGameFrameWork\manager">
      <UniqueIdentifier>{21208871-8b7a-44a5-89d7-7c7ff52891c1}</UniqueIdentifier>
    </Filter>
    <Filter Include="2DGameFrameWork\camera">
      <UniqueIdentifier>{42cf5099-0f01-4eca-99fa-d777590fbc70}</UniqueIdentifier>
    </Filter>
    <Filter Include="2DGameFrameWork\utils">
      <UniqueIdentifier>{c0069a8f-4476-431c-903d-bb69b60236cb}</UniqueIdentifier>
    </Filter>
    <Filter Include="소스 파일">
      <UniqueIdentifier>{cdc30139-2dfb-429c-8a4a-03094b36e42d}</UniqueIdentifier>
    </Filter>
    <Filter Include="헤더 파일">
      <UniqueIdentifier>{4586dff2-50cf-454f-87f2-6e9f28a202e1}</UniqueIdentifier>
    </Filter>
    <Filter Include="playerTest">
      <UniqueIdentifier>{61d0858b-2ce5-41c2-bf94-7b121375b8fd}</UniqueIdentifier>
    </Filter>
    <Filter Include="리소스 파일">
      <UniqueIdentifier>{bf693f75-2c83-49ba-9638-d82a6203b9ba}</UniqueIdentifier>
    </Filter>
    <Filter Include="2DGameFrameWork\timer">
      <UniqueIdentifier>{2fc2d90c-84d8-4bdc-80ae-a63892c21077}</UniqueIdentifier>
    </Filter>
    <Filter Include="playGround">
      <UniqueIdentifier>{340ae8e1-4f9a-4df3-8330-b6e7aa2426c8}</UniqueIdentifier>
    </Filter>
    <Filter Include="playGround\inventory">
      <UniqueIdentifier>{c5dd4662-8100-4b0f-9105-c57c72faa4de}</UniqueIdentifier>
    </Filter>
    <Filter Include="playGround\enemyManager">
      <UniqueIdentifier>{fe1280d4-3967-4ed5-a013-1ef152262ce8}</UniqueIdentifier>
    </Filter>
    <Filter Include="playGround\uiController">
      <UniqueIdentifier>{eb69577f-f4e5-43fe-91c7-b5416b1bfe96}</UniqueIdentifier>
    </Filter>
    <Filter Include="playGround\collision">
      <UniqueIdentifier>{1d2d9d55-33ad-4ea1-8593-9afacbe8a7e8}</UniqueIdentifier>
    </Filter>
    <Filter Include="playGround\scene">
      <UniqueIdentifier>{45cd19d1-ccea-408a-a400-cd4ac57f4343}</UniqueIdentifier>
    </Filter>
    <Filter Include="playGround\object">
      <UniqueIdentifier>{88fb07dc-f645-417f-855e-a8c992828645}</UniqueIdentifier>
    </Filter>
    <Filter Include="playGround\item">
      <UniqueIdentifier>{329300ac-9946-43f9-89da-1a2bf29075a8}</UniqueIdentifier>
    </Filter>
    <Filter Include="2DGameFrameWork\button">
      <UniqueIdentifier>{595d1619-7bb7-4375-9212-4bf6941f9537}</UniqueIdentifier>
    </Filter>
    <Filter Include="enemyTest">
      <UniqueIdentifier>{00aba195-e801-49a1-9a0e-95460cae7d8a}</UniqueIdentifier>
    </Filter>
    <Filter Include="2DGameFrameWork\tile">
      <UniqueIdentifier>{6aa0e5b8-b6e6-421f-9cff-fefac26f95a2}</UniqueIdentifier>
    </Filter>
    <Filter Include="2DGameFrameWork\D2DRenderer">
      <UniqueIdentifier>{29a4ec4d-c4fa-4bbb-912d-cfe6c0381347}</UniqueIdentifier>
    </Filter>
    <Filter Include="enemyTest\bossPattern">
      <UniqueIdentifier>{5be1332e-68f7-4292-bd6b-b0f375f1c9ae}</UniqueIdentifier>
    </Filter>
    <Filter Include="playGround\puzzle">
      <UniqueIdentifier>{9f4dbf8f-c00e-48f9-a70a-470f8cc1f10e}</UniqueIdentifier>
    </Filter>
  </ItemGroup>
  <ItemGroup>
    <ResourceCompile Include="windowsAPI.rc">
      <Filter>리소스 파일</Filter>
    </ResourceCompile>
  </ItemGroup>
</Project>