<?xml version="1.0" encoding="utf-8"?>
<Project ToolsVersion="4.0" xmlns="http://schemas.microsoft.com/developer/msbuild/2003">
  <ItemGroup>
    <Filter Include="소스 파일">
      <UniqueIdentifier>{4FC737F1-C7A5-4376-A066-2A32D752A2FF}</UniqueIdentifier>
      <Extensions>cpp;c;cc;cxx;def;odl;idl;hpj;bat;asm;asmx</Extensions>
    </Filter>
    <Filter Include="헤더 파일">
      <UniqueIdentifier>{93995380-89BD-4b04-88EB-625FBE52EBFB}</UniqueIdentifier>
      <Extensions>h;hh;hpp;hxx;hm;inl;inc;ipp;xsd</Extensions>
    </Filter>
    <Filter Include="리소스 파일">
      <UniqueIdentifier>{67DA6AB6-F800-4c08-8B7A-83BB121AAD01}</UniqueIdentifier>
      <Extensions>rc;ico;cur;bmp;dlg;rc2;rct;bin;rgs;gif;jpg;jpeg;jpe;resx;tiff;tif;png;wav;mfcribbon-ms</Extensions>
    </Filter>
    <Filter Include="2DGameFramework">
      <UniqueIdentifier>{6f3d1e45-ab86-42a7-9a61-2bd45cd7872c}</UniqueIdentifier>
    </Filter>
    <Filter Include="playGround">
      <UniqueIdentifier>{95982806-068a-439b-ba72-8cb93f3609f5}</UniqueIdentifier>
    </Filter>
    <Filter Include="2DGameFramework\image">
      <UniqueIdentifier>{2b96036b-918a-44d8-922a-e0385cb74f0b}</UniqueIdentifier>
    </Filter>
    <Filter Include="2DGameFramework\manager">
      <UniqueIdentifier>{c3b483bd-b726-41d5-8978-b1d36dc0854f}</UniqueIdentifier>
    </Filter>
    <Filter Include="2DGameFramework\gameObject">
      <UniqueIdentifier>{995c49c0-976f-42f2-a1dd-728ce8d9670e}</UniqueIdentifier>
    </Filter>
    <Filter Include="2DGameFramework\utils">
      <UniqueIdentifier>{bf8fb93e-4234-46f3-b701-83e6ede16f15}</UniqueIdentifier>
    </Filter>
    <Filter Include="2DGameFramework\timer">
      <UniqueIdentifier>{2ded0684-76a9-4a87-827c-88eb9a49361c}</UniqueIdentifier>
    </Filter>
    <Filter Include="2DGameFramework\textData">
      <UniqueIdentifier>{5dfad7c3-f7e8-4993-8615-2be6a85228cc}</UniqueIdentifier>
    </Filter>
    <Filter Include="2DGameFramework\event">
      <UniqueIdentifier>{3f5cb575-0b1a-471b-9bf9-216dc0556f64}</UniqueIdentifier>
    </Filter>
    <Filter Include="2DGameFramework\effect">
      <UniqueIdentifier>{f99341ab-4a09-4f0d-b70d-94ffd3ee06b7}</UniqueIdentifier>
    </Filter>
    <Filter Include="2DGameFramework\animation">
      <UniqueIdentifier>{cfc012b6-836c-42ad-b7bf-b6fcab56e2da}</UniqueIdentifier>
    </Filter>
    <Filter Include="2DGameFramework\button">
      <UniqueIdentifier>{f0a02868-d0db-4cf9-8aeb-c00d9801923e}</UniqueIdentifier>
    </Filter>
    <Filter Include="2DGameFramework\z-order">
      <UniqueIdentifier>{7bec0302-d9c8-41ca-ba70-6bd9a3466fe8}</UniqueIdentifier>
    </Filter>
    <Filter Include="2DGameFramework\progressBar">
      <UniqueIdentifier>{4e379be5-aa7a-4c9c-b324-8a25d5c827e5}</UniqueIdentifier>
    </Filter>
    <Filter Include="2DGameFramework\camera">
      <UniqueIdentifier>{3cada4fd-2ccb-46d8-9a79-cbae77d7c0d9}</UniqueIdentifier>
    </Filter>
    <Filter Include="2DGameFramework\singletonBase">
      <UniqueIdentifier>{fab0ad69-58ad-46bb-984d-736d10eee0f5}</UniqueIdentifier>
    </Filter>
    <Filter Include="playGround\player">
      <UniqueIdentifier>{bd77196c-9a57-4c36-a836-20cd759ce1b0}</UniqueIdentifier>
    </Filter>
  </ItemGroup>
  <ItemGroup>
    <ClInclude Include="stdafx.h">
      <Filter>헤더 파일</Filter>
    </ClInclude>
    <ClInclude Include="targetver.h">
      <Filter>헤더 파일</Filter>
    </ClInclude>
    <ClInclude Include="Resource.h">
      <Filter>헤더 파일</Filter>
    </ClInclude>
    <ClInclude Include="windowsAPI.h">
      <Filter>헤더 파일</Filter>
    </ClInclude>
    <ClInclude Include="playGround.h">
      <Filter>playGround</Filter>
    </ClInclude>
    <ClInclude Include="singletonBase.h">
      <Filter>2DGameFramework\singletonBase</Filter>
    </ClInclude>
    <ClInclude Include="randomFunction.h">
      <Filter>헤더 파일</Filter>
    </ClInclude>
    <ClInclude Include="gameNode.h">
      <Filter>2DGameFramework</Filter>
    </ClInclude>
    <ClInclude Include="floatRect.h">
      <Filter>2DGameFramework\utils</Filter>
    </ClInclude>
    <ClInclude Include="timer.h">
      <Filter>2DGameFramework\timer</Filter>
    </ClInclude>
    <ClInclude Include="textData.h">
      <Filter>2DGameFramework\textData</Filter>
    </ClInclude>
    <ClInclude Include="gameObject.h">
      <Filter>2DGameFramework\gameObject</Filter>
    </ClInclude>
    <ClInclude Include="collision.h">
      <Filter>2DGameFramework\utils</Filter>
    </ClInclude>
    <ClInclude Include="progressBar.h">
      <Filter>2DGameFramework\progressBar</Filter>
    </ClInclude>
    <ClInclude Include="floatPoint.h">
      <Filter>2DGameFramework\utils</Filter>
    </ClInclude>
    <ClInclude Include="utils.h">
      <Filter>2DGameFramework\utils</Filter>
    </ClInclude>
    <ClInclude Include="image.h">
      <Filter>2DGameFramework\image</Filter>
    </ClInclude>
    <ClInclude Include="animation.h">
      <Filter>2DGameFramework\animation</Filter>
    </ClInclude>
    <ClInclude Include="imageManager.h">
      <Filter>2DGameFramework\manager</Filter>
    </ClInclude>
    <ClInclude Include="iEvent.h">
      <Filter>2DGameFramework\event</Filter>
    </ClInclude>
    <ClInclude Include="timeManager.h">
      <Filter>2DGameFramework\manager</Filter>
    </ClInclude>
    <ClInclude Include="camera.h">
      <Filter>2DGameFramework\camera</Filter>
    </ClInclude>
    <ClInclude Include="commonMacroFunction.h">
      <Filter>헤더 파일</Filter>
    </ClInclude>
    <ClInclude Include="effect.h">
      <Filter>2DGameFramework\effect</Filter>
    </ClInclude>
    <ClInclude Include="effectManager.h">
      <Filter>2DGameFramework\manager</Filter>
    </ClInclude>
    <ClInclude Include="keyAniManager.h">
      <Filter>2DGameFramework\manager</Filter>
    </ClInclude>
    <ClInclude Include="eventManager.h">
      <Filter>2DGameFramework\manager</Filter>
    </ClInclude>
    <ClInclude Include="soundManager.h">
      <Filter>2DGameFramework\manager</Filter>
    </ClInclude>
    <ClInclude Include="objectManager.h">
      <Filter>2DGameFramework\manager</Filter>
    </ClInclude>
    <ClInclude Include="floatCircle.h">
      <Filter>2DGameFramework\utils</Filter>
    </ClInclude>
    <ClInclude Include="vector2.h">
      <Filter>2DGameFramework\utils</Filter>
    </ClInclude>
    <ClInclude Include="keyManager.h">
      <Filter>2DGameFramework\manager</Filter>
    </ClInclude>
    <ClInclude Include="iniDataManager.h">
      <Filter>2DGameFramework\manager</Filter>
    </ClInclude>
    <ClInclude Include="player.h">
      <Filter>playGround\player</Filter>
    </ClInclude>
  </ItemGroup>
  <ItemGroup>
    <ClCompile Include="stdafx.cpp">
      <Filter>소스 파일</Filter>
    </ClCompile>
    <ClCompile Include="windowsAPI.cpp">
      <Filter>소스 파일</Filter>
    </ClCompile>
    <ClCompile Include="playGround.cpp">
      <Filter>playGround</Filter>
    </ClCompile>
    <ClCompile Include="gameNode.cpp">
      <Filter>2DGameFramework</Filter>
    </ClCompile>
    <ClCompile Include="floatRect.cpp">
      <Filter>2DGameFramework\utils</Filter>
    </ClCompile>
    <ClCompile Include="timer.cpp">
      <Filter>2DGameFramework\timer</Filter>
    </ClCompile>
    <ClCompile Include="textData.cpp">
      <Filter>2DGameFramework\textData</Filter>
    </ClCompile>
    <ClCompile Include="gameObject.cpp">
      <Filter>2DGameFramework\gameObject</Filter>
    </ClCompile>
    <ClCompile Include="collision.cpp">
      <Filter>2DGameFramework\utils</Filter>
    </ClCompile>
    <ClCompile Include="progressBar.cpp">
      <Filter>2DGameFramework\progressBar</Filter>
    </ClCompile>
    <ClCompile Include="floatPoint.cpp">
      <Filter>2DGameFramework\utils</Filter>
    </ClCompile>
    <ClCompile Include="utils.cpp">
      <Filter>2DGameFramework\utils</Filter>
    </ClCompile>
    <ClCompile Include="image.cpp">
      <Filter>2DGameFramework\image</Filter>
    </ClCompile>
    <ClCompile Include="animation.cpp">
      <Filter>2DGameFramework\animation</Filter>
    </ClCompile>
    <ClCompile Include="imageManager.cpp">
      <Filter>2DGameFramework\manager</Filter>
    </ClCompile>
    <ClCompile Include="iEvent.cpp">
      <Filter>2DGameFramework\event</Filter>
    </ClCompile>
    <ClCompile Include="timeManager.cpp">
      <Filter>2DGameFramework\manager</Filter>
    </ClCompile>
    <ClCompile Include="camera.cpp">
      <Filter>2DGameFramework\camera</Filter>
    </ClCompile>
    <ClCompile Include="effect.cpp">
      <Filter>2DGameFramework\effect</Filter>
    </ClCompile>
    <ClCompile Include="effectManager.cpp">
      <Filter>2DGameFramework\manager</Filter>
    </ClCompile>
    <ClCompile Include="keyAniManager.cpp">
      <Filter>2DGameFramework\manager</Filter>
    </ClCompile>
    <ClCompile Include="eventManager.cpp">
      <Filter>2DGameFramework\manager</Filter>
    </ClCompile>
    <ClCompile Include="soundManager.cpp">
      <Filter>2DGameFramework\manager</Filter>
    </ClCompile>
    <ClCompile Include="objectManager.cpp">
      <Filter>2DGameFramework\manager</Filter>
    </ClCompile>
    <ClCompile Include="floatCircle.cpp">
      <Filter>2DGameFramework\utils</Filter>
    </ClCompile>
    <ClCompile Include="vector2.cpp">
      <Filter>2DGameFramework\utils</Filter>
    </ClCompile>
    <ClCompile Include="keyManager.cpp">
      <Filter>2DGameFramework\manager</Filter>
    </ClCompile>
    <ClCompile Include="iniDataManager.cpp">
      <Filter>2DGameFramework\manager</Filter>
    </ClCompile>
    <ClCompile Include="player.cpp">
      <Filter>playGround\player</Filter>
    </ClCompile>
  </ItemGroup>
  <ItemGroup>
    <ResourceCompile Include="windowsAPI.rc">
      <Filter>리소스 파일</Filter>
    </ResourceCompile>
  </ItemGroup>
  <ItemGroup>
    <Image Include="small.ico">
      <Filter>리소스 파일</Filter>
    </Image>
    <Image Include="windowsAPI.ico">
      <Filter>리소스 파일</Filter>
    </Image>
  </ItemGroup>
</Project>